
Microsoft Visual Studio Solution File, Format Version 12.00
# Visual Studio Version 17
VisualStudioVersion = 17.1.32210.238
MinimumVisualStudioVersion = 10.0.40219.1
Project("{8BC9CEB8-8B4A-11D0-8D11-00A0C91BC942}") = "Sandbox", "Sandbox\Sandbox.vcxproj", "{CF91A358-F656-45E2-BF1B-675CF1AD02CE}"
EndProject
Project("{8BC9CEB8-8B4A-11D0-8D11-00A0C91BC942}") = "Beast", "Beast\Beast.vcxproj", "{550409F4-7AA7-4087-BCB9-3B8FC406E633}"
EndProject
Global
	GlobalSection(SolutionConfigurationPlatforms) = preSolution
		Debug|x64 = Debug|x64
		Release|x64 = Release|x64
	EndGlobalSection
	GlobalSection(ProjectConfigurationPlatforms) = postSolution
		{550409F4-7AA7-4087-BCB9-3B8FC406E633}.Debug|x64.ActiveCfg = Debug|x64
		{550409F4-7AA7-4087-BCB9-3B8FC406E633}.Debug|x64.Build.0 = Debug|x64
		{550409F4-7AA7-4087-BCB9-3B8FC406E633}.Release|x64.ActiveCfg = Release|x64
		{550409F4-7AA7-4087-BCB9-3B8FC406E633}.Release|x64.Build.0 = Release|x64
		{CF91A358-F656-45E2-BF1B-675CF1AD02CE}.Debug|x64.ActiveCfg = Debug|x64
		{CF91A358-F656-45E2-BF1B-675CF1AD02CE}.Debug|x64.Build.0 = Debug|x64
		{CF91A358-F656-45E2-BF1B-675CF1AD02CE}.Release|x64.ActiveCfg = Release|x64
		{CF91A358-F656-45E2-BF1B-675CF1AD02CE}.Release|x64.Build.0 = Release|x64
	EndGlobalSection
	GlobalSection(SolutionProperties) = preSolution
		HideSolutionNode = FALSE
	EndGlobalSection
	GlobalSection(ExtensibilityGlobals) = postSolution
		SolutionGuid = {C0B96EFB-41CC-4448-A9D9-E46FECE781AC}
	EndGlobalSection
EndGlobal
