<?xml version="1.0" encoding="utf-8"?>
<Project ToolsVersion="4.0" xmlns="http://schemas.microsoft.com/developer/msbuild/2003">
  <ItemGroup>
    <Filter Include="Beast">
      <UniqueIdentifier>{945FE20C-0074-0ABE-C9F5-AD1D35C906EF}</UniqueIdentifier>
    </Filter>
  </ItemGroup>
  <ItemGroup>
    <ClInclude Include="src\Beast.h" />
    <ClInclude Include="src\Beast\Application.h">
      <Filter>Beast</Filter>
    </ClInclude>
    <ClInclude Include="src\Beast\Core.h">
      <Filter>Beast</Filter>
    </ClInclude>
    <ClInclude Include="src\Beast\EnteryPoint.h">
      <Filter>Beast</Filter>
    </ClInclude>
    <ClInclude Include="src\Beast\Log.h">
      <Filter>Beast</Filter>
    </ClInclude>
  </ItemGroup>
  <ItemGroup>
    <ClCompile Include="src\Beast\Application.cpp">
      <Filter>Beast</Filter>
    </ClCompile>
    <ClCompile Include="src\Beast\Log.cpp">
      <Filter>Beast</Filter>
    </ClCompile>
  </ItemGroup>
</Project>